
Microsoft Visual Studio Solution File, Format Version 12.00
# Visual Studio Version 17
VisualStudioVersion = 17.10.35013.160
MinimumVisualStudioVersion = 10.0.40219.1
Project("{FAE04EC0-301F-11D3-BF4B-00C04F79EFBC}") = "MapApi1", "MapApi1.csproj", "{5A5362A6-088F-4EB1-88A8-545FA5F1EEEA}"
EndProject
Global
	GlobalSection(SolutionConfigurationPlatforms) = preSolution
		Debug|Any CPU = Debug|Any CPU
		Release|Any CPU = Release|Any CPU
	EndGlobalSection
	GlobalSection(ProjectConfigurationPlatforms) = postSolution
		{5A5362A6-088F-4EB1-88A8-545FA5F1EEEA}.Debug|Any CPU.ActiveCfg = Debug|Any CPU
		{5A5362A6-088F-4EB1-88A8-545FA5F1EEEA}.Debug|Any CPU.Build.0 = Debug|Any CPU
		{5A5362A6-088F-4EB1-88A8-545FA5F1EEEA}.Release|Any CPU.ActiveCfg = Release|Any CPU
		{5A5362A6-088F-4EB1-88A8-545FA5F1EEEA}.Release|Any CPU.Build.0 = Release|Any CPU
	EndGlobalSection
	GlobalSection(SolutionProperties) = preSolution
		HideSolutionNode = FALSE
	EndGlobalSection
	GlobalSection(ExtensibilityGlobals) = postSolution
		SolutionGuid = {11AD596B-66C6-4030-9F9A-5BFF062CDDCE}
	EndGlobalSection
EndGlobal
